
Microsoft Visual Studio Solution File, Format Version 12.00
Project("{FAE04EC0-301F-11D3-BF4B-00C04F79EFBC}") = "NovaLab", "src\NovaLab\NovaLab.csproj", "{4DF529C2-BE0E-408C-92D1-1E493C4FF719}"
EndProject
Project("{FAE04EC0-301F-11D3-BF4B-00C04F79EFBC}") = "NovaLab.Logic", "src\NovaLab.Logic\NovaLab.Logic.csproj", "{CBA7C39A-373C-4C9D-B805-E27EBD312A7C}"
EndProject
Global
	GlobalSection(SolutionConfigurationPlatforms) = preSolution
		Debug|Any CPU = Debug|Any CPU
		Release|Any CPU = Release|Any CPU
	EndGlobalSection
	GlobalSection(ProjectConfigurationPlatforms) = postSolution
		{4DF529C2-BE0E-408C-92D1-1E493C4FF719}.Debug|Any CPU.ActiveCfg = Debug|Any CPU
		{4DF529C2-BE0E-408C-92D1-1E493C4FF719}.Debug|Any CPU.Build.0 = Debug|Any CPU
		{4DF529C2-BE0E-408C-92D1-1E493C4FF719}.Release|Any CPU.ActiveCfg = Release|Any CPU
		{4DF529C2-BE0E-408C-92D1-1E493C4FF719}.Release|Any CPU.Build.0 = Release|Any CPU
		{CBA7C39A-373C-4C9D-B805-E27EBD312A7C}.Debug|Any CPU.ActiveCfg = Debug|Any CPU
		{CBA7C39A-373C-4C9D-B805-E27EBD312A7C}.Debug|Any CPU.Build.0 = Debug|Any CPU
		{CBA7C39A-373C-4C9D-B805-E27EBD312A7C}.Release|Any CPU.ActiveCfg = Release|Any CPU
		{CBA7C39A-373C-4C9D-B805-E27EBD312A7C}.Release|Any CPU.Build.0 = Release|Any CPU
	EndGlobalSection
EndGlobal
