
Microsoft Visual Studio Solution File, Format Version 12.00
Project("{FAE04EC0-301F-11D3-BF4B-00C04F79EFBC}") = "NovaLab", "src\NovaLab\NovaLab.csproj", "{4DF529C2-BE0E-408C-92D1-1E493C4FF719}"
EndProject
Project("{FAE04EC0-301F-11D3-BF4B-00C04F79EFBC}") = "NovaLab.Data", "src\NovaLab.Data\NovaLab.Data.csproj", "{4E45AED2-CD95-462B-BC8D-B09681353E76}"
EndProject
Project("{FAE04EC0-301F-11D3-BF4B-00C04F79EFBC}") = "NovaLab.Api", "src\NovaLab.Api\NovaLab.Api.csproj", "{CA5ACCCA-3846-489B-AF53-6156DDC08C1C}"
EndProject
Project("{FAE04EC0-301F-11D3-BF4B-00C04F79EFBC}") = "NovaLab.RazorComponents", "src\NovaLab.RazorComponents\NovaLab.RazorComponents.csproj", "{FB3FAD86-2C8C-483E-A5B7-5C9753DD76AF}"
EndProject
Project("{FAE04EC0-301F-11D3-BF4B-00C04F79EFBC}") = "NovaLab.Services.Twitch", "src\NovaLab.Services.Twitch\NovaLab.Services.Twitch.csproj", "{BBFB5B64-837D-45B5-8875-C24E7799636C}"
EndProject
Project("{2150E333-8FDC-42A3-9474-1A3956D46DE8}") = "Services", "Services", "{28E2BA92-9C1D-40C1-8DD4-0BFB717082B3}"
EndProject
Project("{2150E333-8FDC-42A3-9474-1A3956D46DE8}") = "Api", "Api", "{E4C6F687-F3CD-40D4-87CB-DFDBA593F9A1}"
EndProject
Project("{2150E333-8FDC-42A3-9474-1A3956D46DE8}") = "Data", "Data", "{B7017D01-1BC0-484F-B5E8-A98719F7C6DB}"
EndProject
Project("{FAE04EC0-301F-11D3-BF4B-00C04F79EFBC}") = "NovaLab.Api.Twitch", "src\NovaLab.Api.Twitch\NovaLab.Api.Twitch.csproj", "{0E68A554-CBE4-4C4A-880E-FF405D19EA0D}"
EndProject
Project("{FAE04EC0-301F-11D3-BF4B-00C04F79EFBC}") = "NovaLab.Services.Api", "src\NovaLab.Services.Api\NovaLab.Services.Api.csproj", "{42F2FF04-49A1-4607-B6E8-07D81C53696B}"
EndProject
Project("{2150E333-8FDC-42A3-9474-1A3956D46DE8}") = "NovaLab", "NovaLab", "{E570DC9F-242C-4B23-8A30-6887C94D9752}"
EndProject
Project("{2150E333-8FDC-42A3-9474-1A3956D46DE8}") = "Lib", "Lib", "{3FD77E1B-5D34-4594-8572-FB5FDBA99CC4}"
EndProject
Project("{FAE04EC0-301F-11D3-BF4B-00C04F79EFBC}") = "NovaLab.Services", "src\NovaLab.Services\NovaLab.Services.csproj", "{A346AF06-0983-416D-BCBD-411385AF9D21}"
EndProject
Project("{FAE04EC0-301F-11D3-BF4B-00C04F79EFBC}") = "NovaLab.Services.Authentication", "src\NovaLab.Services.Authentication\NovaLab.Services.Authentication.csproj", "{E9A1442C-5E7F-4814-BB07-4191846012D6}"
EndProject
Project("{FAE04EC0-301F-11D3-BF4B-00C04F79EFBC}") = "NovaLab.ApiClient", "..\0005-01-cs-novalab-api_client\src\NovaLab.ApiClient\NovaLab.ApiClient.csproj", "{14F7957A-0794-4D64-810F-FDECC1468DCE}"
EndProject
Global
	GlobalSection(SolutionConfigurationPlatforms) = preSolution
		Debug|Any CPU = Debug|Any CPU
		Release|Any CPU = Release|Any CPU
	EndGlobalSection
	GlobalSection(ProjectConfigurationPlatforms) = postSolution
		{4DF529C2-BE0E-408C-92D1-1E493C4FF719}.Debug|Any CPU.ActiveCfg = Debug|Any CPU
		{4DF529C2-BE0E-408C-92D1-1E493C4FF719}.Debug|Any CPU.Build.0 = Debug|Any CPU
		{4DF529C2-BE0E-408C-92D1-1E493C4FF719}.Release|Any CPU.ActiveCfg = Release|Any CPU
		{4DF529C2-BE0E-408C-92D1-1E493C4FF719}.Release|Any CPU.Build.0 = Release|Any CPU
		{4E45AED2-CD95-462B-BC8D-B09681353E76}.Debug|Any CPU.ActiveCfg = Debug|Any CPU
		{4E45AED2-CD95-462B-BC8D-B09681353E76}.Debug|Any CPU.Build.0 = Debug|Any CPU
		{4E45AED2-CD95-462B-BC8D-B09681353E76}.Release|Any CPU.ActiveCfg = Release|Any CPU
		{4E45AED2-CD95-462B-BC8D-B09681353E76}.Release|Any CPU.Build.0 = Release|Any CPU
		{CA5ACCCA-3846-489B-AF53-6156DDC08C1C}.Debug|Any CPU.ActiveCfg = Debug|Any CPU
		{CA5ACCCA-3846-489B-AF53-6156DDC08C1C}.Debug|Any CPU.Build.0 = Debug|Any CPU
		{CA5ACCCA-3846-489B-AF53-6156DDC08C1C}.Release|Any CPU.ActiveCfg = Release|Any CPU
		{CA5ACCCA-3846-489B-AF53-6156DDC08C1C}.Release|Any CPU.Build.0 = Release|Any CPU
		{FB3FAD86-2C8C-483E-A5B7-5C9753DD76AF}.Debug|Any CPU.ActiveCfg = Debug|Any CPU
		{FB3FAD86-2C8C-483E-A5B7-5C9753DD76AF}.Debug|Any CPU.Build.0 = Debug|Any CPU
		{FB3FAD86-2C8C-483E-A5B7-5C9753DD76AF}.Release|Any CPU.ActiveCfg = Release|Any CPU
		{FB3FAD86-2C8C-483E-A5B7-5C9753DD76AF}.Release|Any CPU.Build.0 = Release|Any CPU
		{BBFB5B64-837D-45B5-8875-C24E7799636C}.Debug|Any CPU.ActiveCfg = Debug|Any CPU
		{BBFB5B64-837D-45B5-8875-C24E7799636C}.Debug|Any CPU.Build.0 = Debug|Any CPU
		{BBFB5B64-837D-45B5-8875-C24E7799636C}.Release|Any CPU.ActiveCfg = Release|Any CPU
		{BBFB5B64-837D-45B5-8875-C24E7799636C}.Release|Any CPU.Build.0 = Release|Any CPU
		{0E68A554-CBE4-4C4A-880E-FF405D19EA0D}.Debug|Any CPU.ActiveCfg = Debug|Any CPU
		{0E68A554-CBE4-4C4A-880E-FF405D19EA0D}.Debug|Any CPU.Build.0 = Debug|Any CPU
		{0E68A554-CBE4-4C4A-880E-FF405D19EA0D}.Release|Any CPU.ActiveCfg = Release|Any CPU
		{0E68A554-CBE4-4C4A-880E-FF405D19EA0D}.Release|Any CPU.Build.0 = Release|Any CPU
		{42F2FF04-49A1-4607-B6E8-07D81C53696B}.Debug|Any CPU.ActiveCfg = Debug|Any CPU
		{42F2FF04-49A1-4607-B6E8-07D81C53696B}.Debug|Any CPU.Build.0 = Debug|Any CPU
		{42F2FF04-49A1-4607-B6E8-07D81C53696B}.Release|Any CPU.ActiveCfg = Release|Any CPU
		{42F2FF04-49A1-4607-B6E8-07D81C53696B}.Release|Any CPU.Build.0 = Release|Any CPU
		{A346AF06-0983-416D-BCBD-411385AF9D21}.Debug|Any CPU.ActiveCfg = Debug|Any CPU
		{A346AF06-0983-416D-BCBD-411385AF9D21}.Debug|Any CPU.Build.0 = Debug|Any CPU
		{A346AF06-0983-416D-BCBD-411385AF9D21}.Release|Any CPU.ActiveCfg = Release|Any CPU
		{A346AF06-0983-416D-BCBD-411385AF9D21}.Release|Any CPU.Build.0 = Release|Any CPU
		{E9A1442C-5E7F-4814-BB07-4191846012D6}.Debug|Any CPU.ActiveCfg = Debug|Any CPU
		{E9A1442C-5E7F-4814-BB07-4191846012D6}.Debug|Any CPU.Build.0 = Debug|Any CPU
		{E9A1442C-5E7F-4814-BB07-4191846012D6}.Release|Any CPU.ActiveCfg = Release|Any CPU
		{E9A1442C-5E7F-4814-BB07-4191846012D6}.Release|Any CPU.Build.0 = Release|Any CPU
		{14F7957A-0794-4D64-810F-FDECC1468DCE}.Debug|Any CPU.ActiveCfg = Debug|Any CPU
		{14F7957A-0794-4D64-810F-FDECC1468DCE}.Debug|Any CPU.Build.0 = Debug|Any CPU
		{14F7957A-0794-4D64-810F-FDECC1468DCE}.Release|Any CPU.ActiveCfg = Release|Any CPU
		{14F7957A-0794-4D64-810F-FDECC1468DCE}.Release|Any CPU.Build.0 = Release|Any CPU
	EndGlobalSection
	GlobalSection(NestedProjects) = preSolution
		{BBFB5B64-837D-45B5-8875-C24E7799636C} = {28E2BA92-9C1D-40C1-8DD4-0BFB717082B3}
		{4E45AED2-CD95-462B-BC8D-B09681353E76} = {B7017D01-1BC0-484F-B5E8-A98719F7C6DB}
		{CA5ACCCA-3846-489B-AF53-6156DDC08C1C} = {E4C6F687-F3CD-40D4-87CB-DFDBA593F9A1}
		{0E68A554-CBE4-4C4A-880E-FF405D19EA0D} = {E4C6F687-F3CD-40D4-87CB-DFDBA593F9A1}
		{42F2FF04-49A1-4607-B6E8-07D81C53696B} = {28E2BA92-9C1D-40C1-8DD4-0BFB717082B3}
		{B7017D01-1BC0-484F-B5E8-A98719F7C6DB} = {E570DC9F-242C-4B23-8A30-6887C94D9752}
		{E4C6F687-F3CD-40D4-87CB-DFDBA593F9A1} = {E570DC9F-242C-4B23-8A30-6887C94D9752}
		{28E2BA92-9C1D-40C1-8DD4-0BFB717082B3} = {E570DC9F-242C-4B23-8A30-6887C94D9752}
		{4DF529C2-BE0E-408C-92D1-1E493C4FF719} = {E570DC9F-242C-4B23-8A30-6887C94D9752}
		{FB3FAD86-2C8C-483E-A5B7-5C9753DD76AF} = {E570DC9F-242C-4B23-8A30-6887C94D9752}
		{A346AF06-0983-416D-BCBD-411385AF9D21} = {28E2BA92-9C1D-40C1-8DD4-0BFB717082B3}
		{E9A1442C-5E7F-4814-BB07-4191846012D6} = {28E2BA92-9C1D-40C1-8DD4-0BFB717082B3}
		{14F7957A-0794-4D64-810F-FDECC1468DCE} = {E4C6F687-F3CD-40D4-87CB-DFDBA593F9A1}
	EndGlobalSection
EndGlobal
