
Microsoft Visual Studio Solution File, Format Version 12.00
Project("{2150E333-8FDC-42A3-9474-1A3956D46DE8}") = ".docker", ".docker", "{7BCCF189-18A4-4AFB-8898-83EAE3141ECB}"
	ProjectSection(SolutionItems) = preProject
		docker-compose.yml = docker-compose.yml
	EndProjectSection
EndProject
Project("{2150E333-8FDC-42A3-9474-1A3956D46DE8}") = "Web", "Web", "{DA6483C2-D3D2-4F86-9C80-5CE42920D101}"
EndProject
Project("{2150E333-8FDC-42A3-9474-1A3956D46DE8}") = "API", "API", "{678CB555-C56F-4110-A459-E20D583C6D42}"
EndProject
Project("{FAE04EC0-301F-11D3-BF4B-00C04F79EFBC}") = "NovaLab.API", "src\NovaLab.API\NovaLab.API.csproj", "{DC21B65F-3DBE-46AD-858D-6749ED93FCF3}"
EndProject
Project("{FAE04EC0-301F-11D3-BF4B-00C04F79EFBC}") = "NovaLab.API.Tools", "src\NovaLab.API.Tools\NovaLab.API.Tools.csproj", "{9739D3E4-E4BE-4930-AA1D-40D1C7300101}"
EndProject
Project("{2150E333-8FDC-42A3-9474-1A3956D46DE8}") = "Client", "Client", "{0F4E42D3-57AC-4812-B5D8-F42AE1D67466}"
EndProject
Project("{FAE04EC0-301F-11D3-BF4B-00C04F79EFBC}") = "NovaLab.Client.Components", "src\NovaLab.Client.Components\NovaLab.Client.Components.csproj", "{26984A61-C2FC-470E-9B81-03FE3703D6F8}"
EndProject
Project("{2150E333-8FDC-42A3-9474-1A3956D46DE8}") = "Server", "Server", "{2BDC0275-6858-4CE0-95AB-4238F77E001D}"
EndProject
Project("{FAE04EC0-301F-11D3-BF4B-00C04F79EFBC}") = "NovaLab.Server.Data", "src\NovaLab.Server.Data\NovaLab.Server.Data.csproj", "{B187DAA8-391A-41F8-9779-2E15F52409D7}"
EndProject
Project("{2150E333-8FDC-42A3-9474-1A3956D46DE8}") = "Lib", "Lib", "{53C350A2-FD6F-4E4F-86E8-9545289E15FE}"
EndProject
Project("{FAE04EC0-301F-11D3-BF4B-00C04F79EFBC}") = "CodeOfChaos.AspNetCore.Contracts", "src\CodeOfChaos.AspNetCore.Contracts\CodeOfChaos.AspNetCore.Contracts.csproj", "{DD8941FF-0982-47B6-92E0-2841CAF855DE}"
EndProject
Project("{FAE04EC0-301F-11D3-BF4B-00C04F79EFBC}") = "CodeOfChaos.Extensions", "src\CodeOfChaos.Extensions\CodeOfChaos.Extensions.csproj", "{640F12EC-3A88-4410-BE54-771CB7A6BEA3}"
EndProject
Project("{FAE04EC0-301F-11D3-BF4B-00C04F79EFBC}") = "CodeOfChaos.Extensions.AspNetCore", "src\CodeOfChaos.Extensions.AspNetCore\CodeOfChaos.Extensions.AspNetCore.csproj", "{420606D7-18B0-4E54-ACDB-ED32F79C8EFB}"
EndProject
Project("{FAE04EC0-301F-11D3-BF4B-00C04F79EFBC}") = "CodeOfChaos.AspNetCore", "src\CodeOfChaos.AspNetCore\CodeOfChaos.AspNetCore.csproj", "{BF557F07-8FE2-4759-B45A-2B1B5558479F}"
EndProject
Project("{FAE04EC0-301F-11D3-BF4B-00C04F79EFBC}") = "CodeOfChaos.Extensions.SeriLog", "src\CodeOfChaos.Extensions.SeriLog\CodeOfChaos.Extensions.SeriLog.csproj", "{6C9ED1F6-03D6-420F-BE9A-0575053D3A80}"
EndProject
Project("{2150E333-8FDC-42A3-9474-1A3956D46DE8}") = "API", "API", "{67926B6C-9021-4E67-9F5F-A8B8A2A9D2F0}"
	ProjectSection(SolutionItems) = preProject
		tools-api.sh = tools-api.sh
		Dockerfile-API = Dockerfile-API
	EndProjectSection
EndProject
Project("{2150E333-8FDC-42A3-9474-1A3956D46DE8}") = "Server", "Server", "{8F02CDA3-17B9-4390-96C2-C465BE88C9CC}"
	ProjectSection(SolutionItems) = preProject
		tools-server.sh = tools-server.sh
		Dockerfile-Server = Dockerfile-Server
	EndProjectSection
EndProject
Project("{FAE04EC0-301F-11D3-BF4B-00C04F79EFBC}") = "NovaLab.Server", "src\NovaLab.Server\NovaLab.Server.csproj", "{EADD5C14-1AFE-4CE9-B3F2-27E1165DEA19}"
EndProject
Project("{FAE04EC0-301F-11D3-BF4B-00C04F79EFBC}") = "NovaLab.Client", "src\NovaLab.Client\NovaLab.Client.csproj", "{332C90D8-793E-493A-B363-2E10CAD9F85B}"
EndProject
Project("{FAE04EC0-301F-11D3-BF4B-00C04F79EFBC}") = "NovaLab.Server.Tools", "src\NovaLab.Server.Tools\NovaLab.Server.Tools.csproj", "{FB212441-CC33-4242-8498-C0A81B8C5D50}"
EndProject
Global
	GlobalSection(SolutionConfigurationPlatforms) = preSolution
		Debug|Any CPU = Debug|Any CPU
		Release|Any CPU = Release|Any CPU
	EndGlobalSection
	GlobalSection(ProjectConfigurationPlatforms) = postSolution
		{DC21B65F-3DBE-46AD-858D-6749ED93FCF3}.Debug|Any CPU.ActiveCfg = Debug|Any CPU
		{DC21B65F-3DBE-46AD-858D-6749ED93FCF3}.Debug|Any CPU.Build.0 = Debug|Any CPU
		{DC21B65F-3DBE-46AD-858D-6749ED93FCF3}.Release|Any CPU.ActiveCfg = Release|Any CPU
		{DC21B65F-3DBE-46AD-858D-6749ED93FCF3}.Release|Any CPU.Build.0 = Release|Any CPU
		{9739D3E4-E4BE-4930-AA1D-40D1C7300101}.Debug|Any CPU.ActiveCfg = Debug|Any CPU
		{9739D3E4-E4BE-4930-AA1D-40D1C7300101}.Debug|Any CPU.Build.0 = Debug|Any CPU
		{9739D3E4-E4BE-4930-AA1D-40D1C7300101}.Release|Any CPU.ActiveCfg = Release|Any CPU
		{9739D3E4-E4BE-4930-AA1D-40D1C7300101}.Release|Any CPU.Build.0 = Release|Any CPU
		{26984A61-C2FC-470E-9B81-03FE3703D6F8}.Debug|Any CPU.ActiveCfg = Debug|Any CPU
		{26984A61-C2FC-470E-9B81-03FE3703D6F8}.Debug|Any CPU.Build.0 = Debug|Any CPU
		{26984A61-C2FC-470E-9B81-03FE3703D6F8}.Release|Any CPU.ActiveCfg = Release|Any CPU
		{26984A61-C2FC-470E-9B81-03FE3703D6F8}.Release|Any CPU.Build.0 = Release|Any CPU
		{B187DAA8-391A-41F8-9779-2E15F52409D7}.Debug|Any CPU.ActiveCfg = Debug|Any CPU
		{B187DAA8-391A-41F8-9779-2E15F52409D7}.Debug|Any CPU.Build.0 = Debug|Any CPU
		{B187DAA8-391A-41F8-9779-2E15F52409D7}.Release|Any CPU.ActiveCfg = Release|Any CPU
		{B187DAA8-391A-41F8-9779-2E15F52409D7}.Release|Any CPU.Build.0 = Release|Any CPU
		{DD8941FF-0982-47B6-92E0-2841CAF855DE}.Debug|Any CPU.ActiveCfg = Debug|Any CPU
		{DD8941FF-0982-47B6-92E0-2841CAF855DE}.Debug|Any CPU.Build.0 = Debug|Any CPU
		{DD8941FF-0982-47B6-92E0-2841CAF855DE}.Release|Any CPU.ActiveCfg = Release|Any CPU
		{DD8941FF-0982-47B6-92E0-2841CAF855DE}.Release|Any CPU.Build.0 = Release|Any CPU
		{640F12EC-3A88-4410-BE54-771CB7A6BEA3}.Debug|Any CPU.ActiveCfg = Debug|Any CPU
		{640F12EC-3A88-4410-BE54-771CB7A6BEA3}.Debug|Any CPU.Build.0 = Debug|Any CPU
		{640F12EC-3A88-4410-BE54-771CB7A6BEA3}.Release|Any CPU.ActiveCfg = Release|Any CPU
		{640F12EC-3A88-4410-BE54-771CB7A6BEA3}.Release|Any CPU.Build.0 = Release|Any CPU
		{420606D7-18B0-4E54-ACDB-ED32F79C8EFB}.Debug|Any CPU.ActiveCfg = Debug|Any CPU
		{420606D7-18B0-4E54-ACDB-ED32F79C8EFB}.Debug|Any CPU.Build.0 = Debug|Any CPU
		{420606D7-18B0-4E54-ACDB-ED32F79C8EFB}.Release|Any CPU.ActiveCfg = Release|Any CPU
		{420606D7-18B0-4E54-ACDB-ED32F79C8EFB}.Release|Any CPU.Build.0 = Release|Any CPU
		{BF557F07-8FE2-4759-B45A-2B1B5558479F}.Debug|Any CPU.ActiveCfg = Debug|Any CPU
		{BF557F07-8FE2-4759-B45A-2B1B5558479F}.Debug|Any CPU.Build.0 = Debug|Any CPU
		{BF557F07-8FE2-4759-B45A-2B1B5558479F}.Release|Any CPU.ActiveCfg = Release|Any CPU
		{BF557F07-8FE2-4759-B45A-2B1B5558479F}.Release|Any CPU.Build.0 = Release|Any CPU
		{6C9ED1F6-03D6-420F-BE9A-0575053D3A80}.Debug|Any CPU.ActiveCfg = Debug|Any CPU
		{6C9ED1F6-03D6-420F-BE9A-0575053D3A80}.Debug|Any CPU.Build.0 = Debug|Any CPU
		{6C9ED1F6-03D6-420F-BE9A-0575053D3A80}.Release|Any CPU.ActiveCfg = Release|Any CPU
		{6C9ED1F6-03D6-420F-BE9A-0575053D3A80}.Release|Any CPU.Build.0 = Release|Any CPU
		{EADD5C14-1AFE-4CE9-B3F2-27E1165DEA19}.Debug|Any CPU.ActiveCfg = Debug|Any CPU
		{EADD5C14-1AFE-4CE9-B3F2-27E1165DEA19}.Debug|Any CPU.Build.0 = Debug|Any CPU
		{EADD5C14-1AFE-4CE9-B3F2-27E1165DEA19}.Release|Any CPU.ActiveCfg = Release|Any CPU
		{EADD5C14-1AFE-4CE9-B3F2-27E1165DEA19}.Release|Any CPU.Build.0 = Release|Any CPU
		{332C90D8-793E-493A-B363-2E10CAD9F85B}.Debug|Any CPU.ActiveCfg = Debug|Any CPU
		{332C90D8-793E-493A-B363-2E10CAD9F85B}.Debug|Any CPU.Build.0 = Debug|Any CPU
		{332C90D8-793E-493A-B363-2E10CAD9F85B}.Release|Any CPU.ActiveCfg = Release|Any CPU
		{332C90D8-793E-493A-B363-2E10CAD9F85B}.Release|Any CPU.Build.0 = Release|Any CPU
		{FB212441-CC33-4242-8498-C0A81B8C5D50}.Debug|Any CPU.ActiveCfg = Debug|Any CPU
		{FB212441-CC33-4242-8498-C0A81B8C5D50}.Debug|Any CPU.Build.0 = Debug|Any CPU
		{FB212441-CC33-4242-8498-C0A81B8C5D50}.Release|Any CPU.ActiveCfg = Release|Any CPU
		{FB212441-CC33-4242-8498-C0A81B8C5D50}.Release|Any CPU.Build.0 = Release|Any CPU
	EndGlobalSection
	GlobalSection(NestedProjects) = preSolution
		{678CB555-C56F-4110-A459-E20D583C6D42} = {DA6483C2-D3D2-4F86-9C80-5CE42920D101}
		{DC21B65F-3DBE-46AD-858D-6749ED93FCF3} = {678CB555-C56F-4110-A459-E20D583C6D42}
		{9739D3E4-E4BE-4930-AA1D-40D1C7300101} = {678CB555-C56F-4110-A459-E20D583C6D42}
		{0F4E42D3-57AC-4812-B5D8-F42AE1D67466} = {DA6483C2-D3D2-4F86-9C80-5CE42920D101}
		{26984A61-C2FC-470E-9B81-03FE3703D6F8} = {0F4E42D3-57AC-4812-B5D8-F42AE1D67466}
		{2BDC0275-6858-4CE0-95AB-4238F77E001D} = {DA6483C2-D3D2-4F86-9C80-5CE42920D101}
		{B187DAA8-391A-41F8-9779-2E15F52409D7} = {2BDC0275-6858-4CE0-95AB-4238F77E001D}
		{DD8941FF-0982-47B6-92E0-2841CAF855DE} = {53C350A2-FD6F-4E4F-86E8-9545289E15FE}
		{640F12EC-3A88-4410-BE54-771CB7A6BEA3} = {53C350A2-FD6F-4E4F-86E8-9545289E15FE}
		{420606D7-18B0-4E54-ACDB-ED32F79C8EFB} = {53C350A2-FD6F-4E4F-86E8-9545289E15FE}
		{BF557F07-8FE2-4759-B45A-2B1B5558479F} = {53C350A2-FD6F-4E4F-86E8-9545289E15FE}
		{6C9ED1F6-03D6-420F-BE9A-0575053D3A80} = {53C350A2-FD6F-4E4F-86E8-9545289E15FE}
		{67926B6C-9021-4E67-9F5F-A8B8A2A9D2F0} = {7BCCF189-18A4-4AFB-8898-83EAE3141ECB}
		{8F02CDA3-17B9-4390-96C2-C465BE88C9CC} = {7BCCF189-18A4-4AFB-8898-83EAE3141ECB}
		{332C90D8-793E-493A-B363-2E10CAD9F85B} = {0F4E42D3-57AC-4812-B5D8-F42AE1D67466}
		{EADD5C14-1AFE-4CE9-B3F2-27E1165DEA19} = {2BDC0275-6858-4CE0-95AB-4238F77E001D}
		{FB212441-CC33-4242-8498-C0A81B8C5D50} = {2BDC0275-6858-4CE0-95AB-4238F77E001D}
	EndGlobalSection
EndGlobal
